{
  "nodes": {
    "agenix": {
      "inputs": {
        "darwin": [],
        "home-manager": "home-manager",
        "nixpkgs": [
          "nixpkgs"
        ],
        "systems": "systems"
      },
      "locked": {
        "lastModified": 1770165109,
        "narHash": "sha256-9VnK6Oqai65puVJ4WYtCTvlJeXxMzAp/69HhQuTdl/I=",
        "owner": "ryantm",
        "repo": "agenix",
        "rev": "b027ee29d959fda4b60b57566d64c98a202e0feb",
        "type": "github"
      },
      "original": {
        "owner": "ryantm",
        "repo": "agenix",
        "type": "github"
      }
    },
    "colmena": {
      "inputs": {
        "flake-compat": "flake-compat",
        "flake-utils": "flake-utils",
        "nix-github-actions": "nix-github-actions",
        "nixpkgs": [
          "nixpkgs"
        ],
        "stable": "stable"
      },
      "locked": {
        "lastModified": 1786742289,
        "narHash": "sha256-r61K9svFDQkI5jONYksneDtDT5c4SkWrZVD3ni5O6Ak=",
        "owner": "zhaofengli",
        "repo": "colmena",
        "rev": "dc22786a43315b212eeafe13409a7203328e5a30",
        "type": "github"
      },
      "original": {
        "owner": "zhaofengli",
        "repo": "colmena",
        "type": "github"
      }
    },
    "corsair-hs80-pipewire-thing": {
      "inputs": {
        "nixpkgs": [
          "nixpkgs"
        ]
      },
      "locked": {
        "lastModified": 1781348850,
        "narHash": "sha256-vKlb9VfPMAMc2ZI5k5JYCib3+H1QuGJLmSgg9joJH2c=",
        "rev": "baecfa50d38abbbba2037d54c96065c4aca7e861",
        "type": "tarball",
        "url": "https://codeberg.org/api/v1/repos/marie/corsair-hs80-pipewire-thing/archive/baecfa50d38abbbba2037d54c96065c4aca7e861.tar.gz?rev=baecfa50d38abbbba2037d54c96065c4aca7e861"
      },
      "original": {
        "type": "tarball",
        "url": "https://codeberg.org/marie/corsair-hs80-pipewire-thing/archive/main.tar.gz"
      }
    },
    "flake-compat": {
      "flake": false,
      "locked": {
        "lastModified": 1767039857,
        "narHash": "sha256-vNpUSpF5Nuw8xvDLj2KCwwksIbjua2LZCqhV1LNRDns=",
        "owner": "edolstra",
        "repo": "flake-compat",
        "rev": "5edf11c44bc78a0d334f6334cdaf7d60d732daab",
        "type": "github"
      },
      "original": {
        "owner": "edolstra",
        "repo": "flake-compat",
        "type": "github"
      }
    },
    "flake-compat_2": {
      "locked": {
        "lastModified": 1761640442,
        "narHash": "sha256-AtrEP6Jmdvrqiv4x2xa5mrtaIp3OEe8uBYCDZDS+hu8=",
        "owner": "nix-community",
        "repo": "flake-compat",
        "rev": "4a56054d8ffc173222d09dad23adf4ba946c8884",
        "type": "github"
      },
      "original": {
        "owner": "nix-community",
        "repo": "flake-compat",
        "type": "github"
      }
    },
    "flake-compat_3": {
      "flake": false,
      "locked": {
        "lastModified": 1767039857,
        "narHash": "sha256-vNpUSpF5Nuw8xvDLj2KCwwksIbjua2LZCqhV1LNRDns=",
        "owner": "NixOS",
        "repo": "flake-compat",
        "rev": "5edf11c44bc78a0d334f6334cdaf7d60d732daab",
        "type": "github"
      },
      "original": {
        "owner": "NixOS",
        "repo": "flake-compat",
        "type": "github"
      }
    },
    "flake-parts": {
      "inputs": {
        "nixpkgs-lib": [
          "nixpak",
          "nixpkgs"
        ]
      },
      "locked": {
        "lastModified": 1782949081,
        "narHash": "sha256-vp6Y/Grm98ESt6ceOkWiHWyZRDV3J1RID4w+6NWK9yA=",
        "owner": "hercules-ci",
        "repo": "flake-parts",
        "rev": "17c9d6cdfc60c64f4ee8d306f9bc0b4ccb51481e",
        "type": "github"
      },
      "original": {
        "owner": "hercules-ci",
        "repo": "flake-parts",
        "type": "github"
      }
    },
    "flake-parts_2": {
      "inputs": {
        "nixpkgs-lib": [
          "nixvim",
          "nixpkgs"
        ]
      },
      "locked": {
        "lastModified": 1785627969,
        "narHash": "sha256-4dtXQk/NMePegK/nWp5NSeuZKLATItOq61lpEvmXqGw=",
        "owner": "hercules-ci",
        "repo": "flake-parts",
        "rev": "427bf4bd9435fdf21321c8cc628c24efc14c0f7a",
        "type": "github"
      },
      "original": {
        "owner": "hercules-ci",
        "repo": "flake-parts",
        "type": "github"
      }
    },
    "flake-utils": {
      "inputs": {
        "systems": "systems_2"
      },
      "locked": {
        "lastModified": 1731533236,
        "narHash": "sha256-l0KFg5HjrsfsO/JpG+r7fRrqm12kzFHyUHqHCVpMMbI=",
        "owner": "numtide",
        "repo": "flake-utils",
        "rev": "11707dc2f618dd54ca8739b309ec4fc024de578b",
        "type": "github"
      },
      "original": {
        "owner": "numtide",
        "repo": "flake-utils",
        "type": "github"
      }
    },
    "flake-utils_2": {
      "inputs": {
        "systems": "systems_3"
      },
      "locked": {
        "lastModified": 1731533236,
        "narHash": "sha256-l0KFg5HjrsfsO/JpG+r7fRrqm12kzFHyUHqHCVpMMbI=",
        "owner": "numtide",
        "repo": "flake-utils",
        "rev": "11707dc2f618dd54ca8739b309ec4fc024de578b",
        "type": "github"
      },
      "original": {
        "id": "flake-utils",
        "type": "indirect"
      }
    },
    "git-hooks": {
      "inputs": {
        "flake-compat": "flake-compat_3",
        "nixpkgs": [
          "nix-output-monitor",
          "nixpkgs"
        ]
      },
      "locked": {
        "lastModified": 1784288435,
        "narHash": "sha256-ReRHaLgr/uVqdD8afFSn+myXIfpHeOhP0yYe0TJqAA8=",
        "owner": "cachix",
        "repo": "git-hooks.nix",
        "rev": "43b3c1ab9d40fb1dbb008f451988a91e375825e9",
        "type": "github"
      },
      "original": {
        "owner": "cachix",
        "repo": "git-hooks.nix",
        "type": "github"
      }
    },
    "hercules-ci-effects": {
      "inputs": {
        "flake-parts": [
          "nixpak",
          "flake-parts"
        ],
        "nixpkgs": [
          "nixpak",
          "nixpkgs"
        ]
      },
      "locked": {
        "lastModified": 1781499420,
        "narHash": "sha256-vy0EiuiLRKWbXYOqdEKoy5ImlbHcdMC52x9BcC/MwQ8=",
        "owner": "hercules-ci",
        "repo": "hercules-ci-effects",
        "rev": "86c7c78a840b44b1a0a5cbc7e9baa0154c0d0f3f",
        "type": "github"
      },
      "original": {
        "owner": "hercules-ci",
        "repo": "hercules-ci-effects",
        "type": "github"
      }
    },
    "home-manager": {
      "inputs": {
        "nixpkgs": [
          "agenix",
          "nixpkgs"
        ]
      },
      "locked": {
        "lastModified": 1745494811,
        "narHash": "sha256-YZCh2o9Ua1n9uCvrvi5pRxtuVNml8X2a03qIFfRKpFs=",
        "owner": "nix-community",
        "repo": "home-manager",
        "rev": "abfad3d2958c9e6300a883bd443512c55dfeb1be",
        "type": "github"
      },
      "original": {
        "owner": "nix-community",
        "repo": "home-manager",
        "type": "github"
      }
    },
    "home-manager_2": {
      "inputs": {
        "nixpkgs": [
          "nixpkgs"
        ]
      },
      "locked": {
        "lastModified": 1786999651,
        "narHash": "sha256-MTGMFlLDTklsXhCp4r5GXB4VAVadPdalXLvUjd/K7h0=",
        "owner": "nix-community",
        "repo": "home-manager",
        "rev": "353742587cbaf079b3caee743115d037bc51fea6",
        "type": "github"
      },
      "original": {
        "owner": "nix-community",
        "repo": "home-manager",
        "type": "github"
      }
    },
    "hydra": {
      "inputs": {
        "flake-compat": "flake-compat_2",
        "lix": "lix",
        "nixpkgs": [
          "nixpkgs"
        ]
      },
      "locked": {
        "lastModified": 1768134925,
        "narHash": "sha256-KDxjEQd2JWzv/ttRCnb0UlfdL7ePYZjEwKYB7gCiTAI=",
        "rev": "2bd04cf930e18f288696ddbed4c5da0d8c8d83af",
        "type": "tarball",
        "url": "https://git.lix.systems/api/v1/repos/lix-project/hydra/archive/2bd04cf930e18f288696ddbed4c5da0d8c8d83af.tar.gz?rev=2bd04cf930e18f288696ddbed4c5da0d8c8d83af"
      },
      "original": {
        "type": "tarball",
        "url": "https://git.lix.systems/lix-project/hydra/archive/lix-2.94.tar.gz"
      }
    },
    "ip-playground": {
      "inputs": {
        "nixpkgs": [
          "nixpkgs"
        ]
      },
      "locked": {
        "lastModified": 1770663608,
        "narHash": "sha256-bIlet1QNVAnLGmdPbWKONYT2XmfNIOhW+VT+DmhTkuc=",
        "ref": "refs/heads/main",
        "rev": "445879defd6b19ed8d3bd67adfc795696c1166f3",
        "revCount": 183,
        "type": "git",
        "url": "ssh://forgejo@git.marie.cologne/marie/ip-playground.git"
      },
      "original": {
        "type": "git",
        "url": "ssh://forgejo@git.marie.cologne/marie/ip-playground.git"
      }
    },
    "iplookupd": {
      "inputs": {
        "nixpkgs": [
          "nixpkgs"
        ]
      },
      "locked": {
        "lastModified": 1786300183,
        "narHash": "sha256-V4QfRvel5MK5MdT8Ap1nMEe22DMksIxcLbl0B1FZZx0=",
        "ref": "refs/heads/main",
        "rev": "8b6f12aaf7d6061bc7fa1713266108b8660e6e14",
        "revCount": 34,
        "type": "git",
        "url": "ssh://forgejo@git.marie.cologne/marie/iplookupd.git"
      },
      "original": {
        "type": "git",
        "url": "ssh://forgejo@git.marie.cologne/marie/iplookupd.git"
      }
    },
    "jovian": {
      "inputs": {
        "nix-github-actions": "nix-github-actions_2",
        "nixpkgs": [
          "nixpkgs"
        ]
      },
      "locked": {
        "lastModified": 1787070575,
        "narHash": "sha256-97M3+IVhghoUms/LbqDbF3IHSd4pQroYvBQ+jbDllSg=",
        "owner": "Jovian-Experiments",
        "repo": "Jovian-NixOS",
        "rev": "0db409803f69e84c87361efcc6fccb04f41afc0c",
        "type": "github"
      },
      "original": {
        "owner": "Jovian-Experiments",
        "repo": "Jovian-NixOS",
        "type": "github"
      }
    },
    "lix": {
      "inputs": {
        "flake-compat": [
          "hydra",
          "flake-compat"
        ],
        "nix2container": "nix2container",
        "nix_2_18": [
          "hydra"
        ],
        "nixpkgs": [
          "hydra",
          "nixpkgs"
        ],
        "nixpkgs-regression": "nixpkgs-regression",
        "pre-commit-hooks": "pre-commit-hooks"
      },
      "locked": {
        "lastModified": 1765174851,
        "narHash": "sha256-P3HYSDHzO27VJPgkCoiKhrwAXU0qmp2wiTPkpDiU1TI=",
        "ref": "release-2.94",
        "rev": "de4cfec46a1b455e27b79d6ee3c3d9eae451a01c",
        "revCount": 18532,
        "type": "git",
        "url": "https://git.lix.systems/lix-project/lix"
      },
      "original": {
        "ref": "release-2.94",
        "type": "git",
        "url": "https://git.lix.systems/lix-project/lix"
      }
    },
    "nix-github-actions": {
      "inputs": {
        "nixpkgs": [
          "colmena",
          "nixpkgs"
        ]
      },
      "locked": {
        "lastModified": 1737420293,
        "narHash": "sha256-F1G5ifvqTpJq7fdkT34e/Jy9VCyzd5XfJ9TO8fHhJWE=",
        "owner": "nix-community",
        "repo": "nix-github-actions",
        "rev": "f4158fa080ef4503c8f4c820967d946c2af31ec9",
        "type": "github"
      },
      "original": {
        "owner": "nix-community",
        "repo": "nix-github-actions",
        "type": "github"
      }
    },
    "nix-github-actions_2": {
      "inputs": {
        "nixpkgs": [
          "jovian",
          "nixpkgs"
        ]
      },
      "locked": {
        "lastModified": 1729697500,
        "narHash": "sha256-VFTWrbzDlZyFHHb1AlKRiD/qqCJIripXKiCSFS8fAOY=",
        "owner": "zhaofengli",
        "repo": "nix-github-actions",
        "rev": "e418aeb728b6aa5ca8c5c71974e7159c2df1d8cf",
        "type": "github"
      },
      "original": {
        "owner": "zhaofengli",
        "ref": "matrix-name",
        "repo": "nix-github-actions",
        "type": "github"
      }
    },
    "nix-index-database": {
      "inputs": {
        "nixpkgs": [
          "nixpkgs"
        ]
      },
      "locked": {
        "lastModified": 1786852476,
        "narHash": "sha256-IM5CYtf86W4w8eUPpKcY/LpdHElmVBtJhaKnoTKxZEA=",
        "owner": "nix-community",
        "repo": "nix-index-database",
        "rev": "c7962dc97b45129df8d751bedaf37beb5a17706e",
        "type": "github"
      },
      "original": {
        "owner": "nix-community",
        "repo": "nix-index-database",
        "type": "github"
      }
    },
    "nix-locate-man": {
      "inputs": {
        "nixpkgs": [
          "nixpkgs"
        ]
      },
      "locked": {
        "lastModified": 1773526977,
        "narHash": "sha256-Shzq0cZ9wVEIgvJoQ5lJtG5LwvYQz+SZlq2cclxZ9Bc=",
        "rev": "81ce718bb49f4f4aa7186f57fbd3fd6d1042eb27",
        "type": "tarball",
        "url": "https://codeberg.org/api/v1/repos/marie/nix-locate-man/archive/81ce718bb49f4f4aa7186f57fbd3fd6d1042eb27.tar.gz?rev=81ce718bb49f4f4aa7186f57fbd3fd6d1042eb27"
      },
      "original": {
        "type": "tarball",
        "url": "https://codeberg.org/marie/nix-locate-man/archive/main.tar.gz"
      }
    },
    "nix-output-monitor": {
      "inputs": {
        "flake-utils": "flake-utils_2",
        "git-hooks": "git-hooks",
        "nixpkgs": [
          "nixpkgs"
        ]
      },
      "locked": {
        "lastModified": 1786478968,
        "narHash": "sha256-LhAG+vrrm/8c+SF8TKATMuTmm0vMxUApyA3vHiFmdsY=",
        "owner": "maralorn",
        "repo": "nix-output-monitor",
        "rev": "e7c24c7576d5ab89957fe8ffe6b6077ff3934669",
        "type": "github"
      },
      "original": {
        "owner": "maralorn",
        "repo": "nix-output-monitor",
        "type": "github"
      }
    },
    "nix2container": {
      "flake": false,
      "locked": {
        "lastModified": 1724996935,
        "narHash": "sha256-njRK9vvZ1JJsP8oV2OgkBrpJhgQezI03S7gzskCcHos=",
        "owner": "nlewo",
        "repo": "nix2container",
        "rev": "fa6bb0a1159f55d071ba99331355955ae30b3401",
        "type": "github"
      },
      "original": {
        "owner": "nlewo",
        "repo": "nix2container",
        "type": "github"
      }
    },
    "nixos-hardware": {
      "inputs": {
        "nixpkgs": "nixpkgs"
      },
      "locked": {
        "lastModified": 1786867632,
        "narHash": "sha256-ez+ubZlA1RtdjCB18a6zJ9M4u8qoPDy08EcnsW5M3Xw=",
        "owner": "NixOS",
        "repo": "nixos-hardware",
        "rev": "ff17823245ab9ff7bcae6acf950bd89cba82c38c",
        "type": "github"
      },
      "original": {
        "owner": "NixOS",
        "repo": "nixos-hardware",
        "type": "github"
      }
    },
    "nixos-wii-u": {
      "inputs": {
        "nixpkgs": "nixpkgs_2"
      },
      "locked": {
        "lastModified": 1760347848,
        "narHash": "sha256-sLLSMNamy1G5CPnDVsRtpohqphCVBHPJmiagvuBo2Y8=",
        "rev": "f59dd60466e4e5bd6dbb02b0f753cc0c0acbdaf8",
        "type": "tarball",
        "url": "https://codeberg.org/api/v1/repos/marie/nixos-wii-u/archive/f59dd60466e4e5bd6dbb02b0f753cc0c0acbdaf8.tar.gz?rev=f59dd60466e4e5bd6dbb02b0f753cc0c0acbdaf8"
      },
      "original": {
        "type": "tarball",
        "url": "https://codeberg.org/marie/nixos-wii-u/archive/main.tar.gz"
      }
    },
    "nixpak": {
      "inputs": {
        "flake-parts": "flake-parts",
        "hercules-ci-effects": "hercules-ci-effects",
        "nixpkgs": [
          "nixpkgs"
        ]
      },
      "locked": {
        "lastModified": 1785072517,
        "narHash": "sha256-eh6isB4Gt3Wry1fPqRI1qKWySjDbalvaBwToG82jcR4=",
        "owner": "nixpak",
        "repo": "nixpak",
        "rev": "333bd8c7ca0c014e61be1933b3c131c9dfa20218",
        "type": "github"
      },
      "original": {
        "owner": "nixpak",
        "repo": "nixpak",
        "type": "github"
      }
    },
    "nixpkgs": {
      "locked": {
        "lastModified": 1767892417,
        "narHash": "sha256-8bW3q88CEg2u4hSP66Vf4lpbLonHz7hqDNBMcCY7E9U=",
        "rev": "3497aa5c9457a9d88d71fa93a4a8368816fbeeba",
        "type": "tarball",
        "url": "https://releases.nixos.org/nixos/unstable/nixos-26.05pre924538.3497aa5c9457/nixexprs.tar.xz"
      },
      "original": {
        "type": "tarball",
        "url": "https://channels.nixos.org/nixos-unstable/nixexprs.tar.xz"
      }
    },
    "nixpkgs-regression": {
      "locked": {
        "lastModified": 1643052045,
        "narHash": "sha256-uGJ0VXIhWKGXxkeNnq4TvV3CIOkUJ3PAoLZ3HMzNVMw=",
        "owner": "NixOS",
        "repo": "nixpkgs",
        "rev": "215d4d0fd80ca5163643b03a33fde804a29cc1e2",
        "type": "github"
      },
      "original": {
        "owner": "NixOS",
        "repo": "nixpkgs",
        "rev": "215d4d0fd80ca5163643b03a33fde804a29cc1e2",
        "type": "github"
      }
    },
    "nixpkgs_2": {
      "locked": {
        "lastModified": 1760292267,
        "narHash": "sha256-fCAs7w7U40Nrkp7fctheuztBoLbyIksuSZ5xUGHis0k=",
        "owner": "nycodeghg",
        "repo": "nixpkgs",
        "rev": "56f4335ce6f8c0ad8c652f0be21771244d32cde7",
        "type": "github"
      },
      "original": {
        "owner": "nycodeghg",
        "ref": "powerpc",
        "repo": "nixpkgs",
        "type": "github"
      }
    },
    "nixpkgs_3": {
      "locked": {
        "lastModified": 1787070829,
        "narHash": "sha256-xe+M6F3syqECh9nH7Fmyxrjs13PtQV3S9o/EbutKz84=",
        "rev": "0ae2bc1419c3f345984c2629e72e7a631820fa4d",
        "type": "tarball",
        "url": "https://releases.nixos.org/nixos/unstable/nixos-26.11pre1057639.0ae2bc1419c3/nixexprs.tar.zst?lastModified=1787070829&rev=0ae2bc1419c3f345984c2629e72e7a631820fa4d"
      },
      "original": {
        "type": "tarball",
        "url": "https://channels.nixos.org/nixos-unstable/nixexprs.tar.zst"
      }
    },
    "nixvim": {
      "inputs": {
        "flake-parts": "flake-parts_2",
        "nixpkgs": [
          "nixpkgs"
        ],
        "systems": "systems_4"
      },
      "locked": {
        "lastModified": 1787062366,
        "narHash": "sha256-42RoRqxcuMB/MMLQU65StwyrPzdahxDXR3Sy58AzOMM=",
        "owner": "nix-community",
        "repo": "nixvim",
        "rev": "fe68d88884ac91ce1d17e955ac0ae486ff8bcdf0",
        "type": "github"
      },
      "original": {
        "owner": "nix-community",
        "repo": "nixvim",
        "type": "github"
      }
    },
    "pre-commit-hooks": {
      "flake": false,
      "locked": {
        "lastModified": 1733318908,
        "narHash": "sha256-SVQVsbafSM1dJ4fpgyBqLZ+Lft+jcQuMtEL3lQWx2Sk=",
        "owner": "cachix",
        "repo": "git-hooks.nix",
        "rev": "6f4e2a2112050951a314d2733a994fbab94864c6",
        "type": "github"
      },
      "original": {
        "owner": "cachix",
        "repo": "git-hooks.nix",
        "type": "github"
      }
    },
    "preservation": {
      "locked": {
        "lastModified": 1757436102,
        "narHash": "sha256-mMI9IanU+Xw+pVogD2oT0I2kTmvz2Un/Apc5+CwUpEY=",
        "owner": "nix-community",
        "repo": "preservation",
        "rev": "93416f4614ad2dfed5b0dcf12f27e57d27a5ab11",
        "type": "github"
      },
      "original": {
        "owner": "nix-community",
        "repo": "preservation",
        "type": "github"
      }
    },
    "principa-document-downloader": {
      "inputs": {
        "nixpkgs": [
          "nixpkgs"
        ]
      },
      "locked": {
        "lastModified": 1787139897,
        "narHash": "sha256-9PqWBSCZ63hsC+wgHJhAELxVQfWEimlTHUxyM/uzSxk=",
        "rev": "7c6d22e6a7519d647a4e76287812f6a57bda42cd",
        "type": "tarball",
        "url": "https://git.marie.cologne/api/v1/repos/marie/principa-document-downloader/archive/7c6d22e6a7519d647a4e76287812f6a57bda42cd.tar.gz?rev=7c6d22e6a7519d647a4e76287812f6a57bda42cd"
      },
      "original": {
        "type": "tarball",
        "url": "https://git.marie.cologne/marie/principa-document-downloader/archive/main.tar.gz"
      }
    },
    "root": {
      "inputs": {
        "agenix": "agenix",
        "colmena": "colmena",
        "corsair-hs80-pipewire-thing": "corsair-hs80-pipewire-thing",
        "home-manager": "home-manager_2",
        "hydra": "hydra",
        "ip-playground": "ip-playground",
        "iplookupd": "iplookupd",
        "jovian": "jovian",
        "nix-index-database": "nix-index-database",
        "nix-locate-man": "nix-locate-man",
        "nix-output-monitor": "nix-output-monitor",
        "nixos-hardware": "nixos-hardware",
        "nixos-wii-u": "nixos-wii-u",
        "nixpak": "nixpak",
        "nixpkgs": "nixpkgs_3",
        "nixvim": "nixvim",
        "preservation": "preservation",
        "principa-document-downloader": "principa-document-downloader",
        "systemd-impersonate": "systemd-impersonate"
      }
    },
    "stable": {
      "locked": {
        "lastModified": 1783625654,
        "narHash": "sha256-pI1244/PJfTyKhlAr2QYQC55vR6UQdnGA0rJUgtO2IQ=",
        "owner": "NixOS",
        "repo": "nixpkgs",
        "rev": "a0230bd8d5cbd13893b2263918d396a2c7dd0407",
        "type": "github"
      },
      "original": {
        "owner": "NixOS",
        "ref": "release-26.05",
        "repo": "nixpkgs",
        "type": "github"
      }
    },
    "systemd-impersonate": {
      "inputs": {
        "nixpkgs": [
          "nixpkgs"
        ],
        "treefmt-nix": "treefmt-nix"
      },
      "locked": {
        "lastModified": 1754860574,
        "narHash": "sha256-LKmRkBEiEmI0lP5ptoticJdNa7KCYaOA4gnIwQAbRgU=",
        "rev": "24d72f88d792fd76d72b6e69a74a286c121c74be",
        "type": "tarball",
        "url": "https://codeberg.org/api/v1/repos/marie/systemd-impersonate/archive/24d72f88d792fd76d72b6e69a74a286c121c74be.tar.gz?rev=24d72f88d792fd76d72b6e69a74a286c121c74be"
      },
      "original": {
        "type": "tarball",
        "url": "https://codeberg.org/marie/systemd-impersonate/archive/main.tar.gz"
      }
    },
    "systems": {
      "locked": {
        "lastModified": 1681028828,
        "narHash": "sha256-Vy1rq5AaRuLzOxct8nz4T6wlgyUR7zLU309k9mBC768=",
        "owner": "nix-systems",
        "repo": "default",
        "rev": "da67096a3b9bf56a91d16901293e51ba5b49a27e",
        "type": "github"
      },
      "original": {
        "owner": "nix-systems",
        "repo": "default",
        "type": "github"
      }
    },
    "systems_2": {
      "locked": {
        "lastModified": 1681028828,
        "narHash": "sha256-Vy1rq5AaRuLzOxct8nz4T6wlgyUR7zLU309k9mBC768=",
        "owner": "nix-systems",
        "repo": "default",
        "rev": "da67096a3b9bf56a91d16901293e51ba5b49a27e",
        "type": "github"
      },
      "original": {
        "owner": "nix-systems",
        "repo": "default",
        "type": "github"
      }
    },
    "systems_3": {
      "locked": {
        "lastModified": 1681028828,
        "narHash": "sha256-Vy1rq5AaRuLzOxct8nz4T6wlgyUR7zLU309k9mBC768=",
        "owner": "nix-systems",
        "repo": "default",
        "rev": "da67096a3b9bf56a91d16901293e51ba5b49a27e",
        "type": "github"
      },
      "original": {
        "owner": "nix-systems",
        "repo": "default",
        "type": "github"
      }
    },
    "systems_4": {
      "flake": false,
      "locked": {
        "lastModified": 1774449309,
        "narHash": "sha256-brhZ8DmuGtzkCYHJg4HEd602amKm89Y9ytsFZ5uWD1w=",
        "owner": "nix-systems",
        "repo": "default",
        "rev": "c29398b59d2048c4ab79345812849c9bd15e9150",
        "type": "github"
      },
      "original": {
        "owner": "nix-systems",
        "ref": "future-26.11",
        "repo": "default",
        "type": "github"
      }
    },
    "treefmt-nix": {
      "inputs": {
        "nixpkgs": [
          "systemd-impersonate",
          "nixpkgs"
        ]
      },
      "locked": {
        "lastModified": 1747912973,
        "narHash": "sha256-XgxghfND8TDypxsMTPU2GQdtBEsHTEc3qWE6RVEk8O0=",
        "owner": "numtide",
        "repo": "treefmt-nix",
        "rev": "020cb423808365fa3f10ff4cb8c0a25df35065a3",
        "type": "github"
      },
      "original": {
        "owner": "numtide",
        "repo": "treefmt-nix",
        "type": "github"
      }
    }
  },
  "root": "root",
  "version": 7
}
